hash: dd10b6848cc2e25fe5e94d4f9995d5532873ede321a4eb7f67ee91846ce017f2
updated: 2017-03-08T14:34:40.821466288+08:00
imports:
- name: github.com/jmoiron/sqlx
  version: f980a91bdc37abef88269b8f122d7de6352102f5
  subpackages:
  - reflectx
  - types
- name: github.com/julienschmidt/httprouter
  version: 8c199fb6259ffc1af525cc3ad52ee60ba8359669
- name: github.com/lib/pq
  version: 67c3f2a8884c9b1aac5503c8d42ae4f73a93511c
  subpackages:
  - oid
- name: github.com/rs/cors
  version: a62a804a8a009876ca59105f7899938a1349f4b3
- name: github.com/rs/xhandler
  version: d9d9599b6aaf6a058cb7b1f48291ded2cbd13390
- name: golang.org/x/crypto
  version: 854ae91cdcbf914b499b1d7641d07859f3653481
  subpackages:
  - bcrypt
- name: golang.org/x/net
  version: 236b8f043b920452504e263bc21d354427127473
  subpackages:
  - context
testImports: []
