hash: 63bf1d403111438336a5d90d84613db51443664a1ced8f097818e7384a9dae2b
updated: 2017-07-04T22:11:01.163447128+08:00
imports:
- name: github.com/blockninja/ninjarouter
  version: 95d54002805fa4edde654e6574439543cf8c2f00
- name: github.com/gorilla/context
  version: 1ea25387ff6f684839d82767c1733ff4d4d15d0a
- name: github.com/gorilla/securecookie
  version: 667fe4e3466a040b780561fe9b51a83a3753eefc
- name: github.com/gorilla/sessions
  version: ca9ada44574153444b00d3fd9c8559e4cc95f896
- name: github.com/jmoiron/sqlx
  version: f980a91bdc37abef88269b8f122d7de6352102f5
  subpackages:
  - reflectx
  - types
- name: github.com/lib/pq
  version: 67c3f2a8884c9b1aac5503c8d42ae4f73a93511c
  subpackages:
  - oid
- name: github.com/manveru/faker
  version: 717f7cf83fb78669bfab612749c2e8ff63d5be11
- name: github.com/pkg/errors
  version: 645ef00459ed84a119197bfb8d8205042c6df63d
- name: github.com/Sirupsen/logrus
  version: 202f25545ea4cf9b191ff7f846df5d87c9382c2b
- name: github.com/vulcand/oxy
  version: 12aa65630360a8ab1827975bd46491a358094cd9
  subpackages:
  - forward
  - testutils
  - utils
- name: golang.org/x/crypto
  version: 854ae91cdcbf914b499b1d7641d07859f3653481
  subpackages:
  - bcrypt
  - blowfish
- name: golang.org/x/sys
  version: 075e574b89e4c2d22f2286a7e2b919519c6f3547
  subpackages:
  - unix
testImports: []
